
Microsoft Visual Studio Solution File, Format Version 12.00
# Visual Studio Version 16
VisualStudioVersion = 16.0.31624.102
MinimumVisualStudioVersion = 10.0.40219.1
Project("{FAE04EC0-301F-11D3-BF4B-00C04F79EFBC}") = "GreenFox", "GreenFox\GreenFox.csproj", "{3B185F85-DBFC-4824-A7E1-E95370B2D3EB}"
EndProject
Global
	GlobalSection(SolutionConfigurationPlatforms) = preSolution
		Debug|Any CPU = Debug|Any CPU
		Release|Any CPU = Release|Any CPU
	EndGlobalSection
	GlobalSection(ProjectConfigurationPlatforms) = postSolution
		{3B185F85-DBFC-4824-A7E1-E95370B2D3EB}.Debug|Any CPU.ActiveCfg = Debug|Any CPU
		{3B185F85-DBFC-4824-A7E1-E95370B2D3EB}.Debug|Any CPU.Build.0 = Debug|Any CPU
		{3B185F85-DBFC-4824-A7E1-E95370B2D3EB}.Release|Any CPU.ActiveCfg = Release|Any CPU
		{3B185F85-DBFC-4824-A7E1-E95370B2D3EB}.Release|Any CPU.Build.0 = Release|Any CPU
	EndGlobalSection
	GlobalSection(SolutionProperties) = preSolution
		HideSolutionNode = FALSE
	EndGlobalSection
	GlobalSection(ExtensibilityGlobals) = postSolution
		SolutionGuid = {1509909B-4CED-4C62-88A6-D4E92EA620E6}
	EndGlobalSection
EndGlobal
