
Microsoft Visual Studio Solution File, Format Version 12.00
# Visual Studio Version 16
VisualStudioVersion = 16.0.31624.102
MinimumVisualStudioVersion = 10.0.40219.1
Project("{FAE04EC0-301F-11D3-BF4B-00C04F79EFBC}") = "SumElements", "SumElements\SumElements.csproj", "{8BA8A7F6-C796-4EDA-97E2-52BD0BCECC19}"
EndProject
Global
	GlobalSection(SolutionConfigurationPlatforms) = preSolution
		Debug|Any CPU = Debug|Any CPU
		Release|Any CPU = Release|Any CPU
	EndGlobalSection
	GlobalSection(ProjectConfigurationPlatforms) = postSolution
		{8BA8A7F6-C796-4EDA-97E2-52BD0BCECC19}.Debug|Any CPU.ActiveCfg = Debug|Any CPU
		{8BA8A7F6-C796-4EDA-97E2-52BD0BCECC19}.Debug|Any CPU.Build.0 = Debug|Any CPU
		{8BA8A7F6-C796-4EDA-97E2-52BD0BCECC19}.Release|Any CPU.ActiveCfg = Release|Any CPU
		{8BA8A7F6-C796-4EDA-97E2-52BD0BCECC19}.Release|Any CPU.Build.0 = Release|Any CPU
	EndGlobalSection
	GlobalSection(SolutionProperties) = preSolution
		HideSolutionNode = FALSE
	EndGlobalSection
	GlobalSection(ExtensibilityGlobals) = postSolution
		SolutionGuid = {343FCCE5-5B5D-4C12-BF27-8887AB101EB4}
	EndGlobalSection
EndGlobal
