
Microsoft Visual Studio Solution File, Format Version 12.00
# Visual Studio Version 16
VisualStudioVersion = 16.0.31624.102
MinimumVisualStudioVersion = 10.0.40219.1
Project("{FAE04EC0-301F-11D3-BF4B-00C04F79EFBC}") = "PrintBigger", "PrintBigger\PrintBigger.csproj", "{0C9E4B68-E29E-4C90-BDFA-C42DDADE6C34}"
EndProject
Global
	GlobalSection(SolutionConfigurationPlatforms) = preSolution
		Debug|Any CPU = Debug|Any CPU
		Release|Any CPU = Release|Any CPU
	EndGlobalSection
	GlobalSection(ProjectConfigurationPlatforms) = postSolution
		{0C9E4B68-E29E-4C90-BDFA-C42DDADE6C34}.Debug|Any CPU.ActiveCfg = Debug|Any CPU
		{0C9E4B68-E29E-4C90-BDFA-C42DDADE6C34}.Debug|Any CPU.Build.0 = Debug|Any CPU
		{0C9E4B68-E29E-4C90-BDFA-C42DDADE6C34}.Release|Any CPU.ActiveCfg = Release|Any CPU
		{0C9E4B68-E29E-4C90-BDFA-C42DDADE6C34}.Release|Any CPU.Build.0 = Release|Any CPU
	EndGlobalSection
	GlobalSection(SolutionProperties) = preSolution
		HideSolutionNode = FALSE
	EndGlobalSection
	GlobalSection(ExtensibilityGlobals) = postSolution
		SolutionGuid = {A6A271B6-6894-44B0-8812-F50C1F572BED}
	EndGlobalSection
EndGlobal
