
Microsoft Visual Studio Solution File, Format Version 12.00
# Visual Studio Version 16
VisualStudioVersion = 16.0.31624.102
MinimumVisualStudioVersion = 10.0.40219.1
Project("{FAE04EC0-301F-11D3-BF4B-00C04F79EFBC}") = "Cuboid", "Cuboid\Cuboid.csproj", "{C46DF33A-A157-4AFE-80E6-DC9957565CA9}"
EndProject
Global
	GlobalSection(SolutionConfigurationPlatforms) = preSolution
		Debug|Any CPU = Debug|Any CPU
		Release|Any CPU = Release|Any CPU
	EndGlobalSection
	GlobalSection(ProjectConfigurationPlatforms) = postSolution
		{C46DF33A-A157-4AFE-80E6-DC9957565CA9}.Debug|Any CPU.ActiveCfg = Debug|Any CPU
		{C46DF33A-A157-4AFE-80E6-DC9957565CA9}.Debug|Any CPU.Build.0 = Debug|Any CPU
		{C46DF33A-A157-4AFE-80E6-DC9957565CA9}.Release|Any CPU.ActiveCfg = Release|Any CPU
		{C46DF33A-A157-4AFE-80E6-DC9957565CA9}.Release|Any CPU.Build.0 = Release|Any CPU
	EndGlobalSection
	GlobalSection(SolutionProperties) = preSolution
		HideSolutionNode = FALSE
	EndGlobalSection
	GlobalSection(ExtensibilityGlobals) = postSolution
		SolutionGuid = {FE3D01F3-8709-4BDB-9831-1D27C096B1F2}
	EndGlobalSection
EndGlobal
