
Microsoft Visual Studio Solution File, Format Version 12.00
# Visual Studio Version 16
VisualStudioVersion = 16.0.31624.102
MinimumVisualStudioVersion = 10.0.40219.1
Project("{FAE04EC0-301F-11D3-BF4B-00C04F79EFBC}") = "Reverse", "Reverse\Reverse.csproj", "{FDB49235-1E2D-4A49-8B0D-AB89EFE2FABA}"
EndProject
Global
	GlobalSection(SolutionConfigurationPlatforms) = preSolution
		Debug|Any CPU = Debug|Any CPU
		Release|Any CPU = Release|Any CPU
	EndGlobalSection
	GlobalSection(ProjectConfigurationPlatforms) = postSolution
		{FDB49235-1E2D-4A49-8B0D-AB89EFE2FABA}.Debug|Any CPU.ActiveCfg = Debug|Any CPU
		{FDB49235-1E2D-4A49-8B0D-AB89EFE2FABA}.Debug|Any CPU.Build.0 = Debug|Any CPU
		{FDB49235-1E2D-4A49-8B0D-AB89EFE2FABA}.Release|Any CPU.ActiveCfg = Release|Any CPU
		{FDB49235-1E2D-4A49-8B0D-AB89EFE2FABA}.Release|Any CPU.Build.0 = Release|Any CPU
	EndGlobalSection
	GlobalSection(SolutionProperties) = preSolution
		HideSolutionNode = FALSE
	EndGlobalSection
	GlobalSection(ExtensibilityGlobals) = postSolution
		SolutionGuid = {32D7F873-D735-4714-939A-07830A4C2761}
	EndGlobalSection
EndGlobal
