
Microsoft Visual Studio Solution File, Format Version 12.00
# Visual Studio Version 16
VisualStudioVersion = 16.0.31624.102
MinimumVisualStudioVersion = 10.0.40219.1
Project("{FAE04EC0-301F-11D3-BF4B-00C04F79EFBC}") = "Secondsinaday", "Secondsinaday\Secondsinaday.csproj", "{8EE309F0-B389-4121-9FCE-C9C19B3900F8}"
EndProject
Global
	GlobalSection(SolutionConfigurationPlatforms) = preSolution
		Debug|Any CPU = Debug|Any CPU
		Release|Any CPU = Release|Any CPU
	EndGlobalSection
	GlobalSection(ProjectConfigurationPlatforms) = postSolution
		{8EE309F0-B389-4121-9FCE-C9C19B3900F8}.Debug|Any CPU.ActiveCfg = Debug|Any CPU
		{8EE309F0-B389-4121-9FCE-C9C19B3900F8}.Debug|Any CPU.Build.0 = Debug|Any CPU
		{8EE309F0-B389-4121-9FCE-C9C19B3900F8}.Release|Any CPU.ActiveCfg = Release|Any CPU
		{8EE309F0-B389-4121-9FCE-C9C19B3900F8}.Release|Any CPU.Build.0 = Release|Any CPU
	EndGlobalSection
	GlobalSection(SolutionProperties) = preSolution
		HideSolutionNode = FALSE
	EndGlobalSection
	GlobalSection(ExtensibilityGlobals) = postSolution
		SolutionGuid = {E9310B8C-E864-4E7B-B3A8-488B83890D7F}
	EndGlobalSection
EndGlobal
