
Microsoft Visual Studio Solution File, Format Version 12.00
# Visual Studio Version 16
VisualStudioVersion = 16.0.31624.102
MinimumVisualStudioVersion = 10.0.40219.1
Project("{FAE04EC0-301F-11D3-BF4B-00C04F79EFBC}") = "BMI", "BMI\BMI.csproj", "{C02E13F0-30D2-48FD-9FAF-C1DCEFF7F7CE}"
EndProject
Global
	GlobalSection(SolutionConfigurationPlatforms) = preSolution
		Debug|Any CPU = Debug|Any CPU
		Release|Any CPU = Release|Any CPU
	EndGlobalSection
	GlobalSection(ProjectConfigurationPlatforms) = postSolution
		{C02E13F0-30D2-48FD-9FAF-C1DCEFF7F7CE}.Debug|Any CPU.ActiveCfg = Debug|Any CPU
		{C02E13F0-30D2-48FD-9FAF-C1DCEFF7F7CE}.Debug|Any CPU.Build.0 = Debug|Any CPU
		{C02E13F0-30D2-48FD-9FAF-C1DCEFF7F7CE}.Release|Any CPU.ActiveCfg = Release|Any CPU
		{C02E13F0-30D2-48FD-9FAF-C1DCEFF7F7CE}.Release|Any CPU.Build.0 = Release|Any CPU
	EndGlobalSection
	GlobalSection(SolutionProperties) = preSolution
		HideSolutionNode = FALSE
	EndGlobalSection
	GlobalSection(ExtensibilityGlobals) = postSolution
		SolutionGuid = {CE7B7273-3488-4436-9205-22ECCDDA9612}
	EndGlobalSection
EndGlobal
