
Microsoft Visual Studio Solution File, Format Version 12.00
# Visual Studio Version 16
VisualStudioVersion = 16.0.31624.102
MinimumVisualStudioVersion = 10.0.40219.1
Project("{FAE04EC0-301F-11D3-BF4B-00C04F79EFBC}") = "CompareLength", "CompareLength\CompareLength.csproj", "{0056B31F-5C3F-48D9-A4FA-4244126F87F0}"
EndProject
Global
	GlobalSection(SolutionConfigurationPlatforms) = preSolution
		Debug|Any CPU = Debug|Any CPU
		Release|Any CPU = Release|Any CPU
	EndGlobalSection
	GlobalSection(ProjectConfigurationPlatforms) = postSolution
		{0056B31F-5C3F-48D9-A4FA-4244126F87F0}.Debug|Any CPU.ActiveCfg = Debug|Any CPU
		{0056B31F-5C3F-48D9-A4FA-4244126F87F0}.Debug|Any CPU.Build.0 = Debug|Any CPU
		{0056B31F-5C3F-48D9-A4FA-4244126F87F0}.Release|Any CPU.ActiveCfg = Release|Any CPU
		{0056B31F-5C3F-48D9-A4FA-4244126F87F0}.Release|Any CPU.Build.0 = Release|Any CPU
	EndGlobalSection
	GlobalSection(SolutionProperties) = preSolution
		HideSolutionNode = FALSE
	EndGlobalSection
	GlobalSection(ExtensibilityGlobals) = postSolution
		SolutionGuid = {F7C69A28-009C-4D4E-A87A-4BD486A9B953}
	EndGlobalSection
EndGlobal
