
Microsoft Visual Studio Solution File, Format Version 12.00
# Visual Studio Version 16
VisualStudioVersion = 16.0.31624.102
MinimumVisualStudioVersion = 10.0.40219.1
Project("{FAE04EC0-301F-11D3-BF4B-00C04F79EFBC}") = "IntroduceYourself", "IntroduceYourself\IntroduceYourself.csproj", "{132AC0CC-CF38-409D-B07F-36DCFF42C92E}"
EndProject
Global
	GlobalSection(SolutionConfigurationPlatforms) = preSolution
		Debug|Any CPU = Debug|Any CPU
		Release|Any CPU = Release|Any CPU
	EndGlobalSection
	GlobalSection(ProjectConfigurationPlatforms) = postSolution
		{132AC0CC-CF38-409D-B07F-36DCFF42C92E}.Debug|Any CPU.ActiveCfg = Debug|Any CPU
		{132AC0CC-CF38-409D-B07F-36DCFF42C92E}.Debug|Any CPU.Build.0 = Debug|Any CPU
		{132AC0CC-CF38-409D-B07F-36DCFF42C92E}.Release|Any CPU.ActiveCfg = Release|Any CPU
		{132AC0CC-CF38-409D-B07F-36DCFF42C92E}.Release|Any CPU.Build.0 = Release|Any CPU
	EndGlobalSection
	GlobalSection(SolutionProperties) = preSolution
		HideSolutionNode = FALSE
	EndGlobalSection
	GlobalSection(ExtensibilityGlobals) = postSolution
		SolutionGuid = {440A56D7-7649-4315-A7C3-29E843D34109}
	EndGlobalSection
EndGlobal
