
Microsoft Visual Studio Solution File, Format Version 12.00
# Visual Studio Version 16
VisualStudioVersion = 16.0.31624.102
MinimumVisualStudioVersion = 10.0.40219.1
Project("{FAE04EC0-301F-11D3-BF4B-00C04F79EFBC}") = "DefineBasicInfo", "DefineBasicInfo\DefineBasicInfo.csproj", "{0A2B4EF0-F884-4F16-AA66-2E82F8BB7F3D}"
EndProject
Global
	GlobalSection(SolutionConfigurationPlatforms) = preSolution
		Debug|Any CPU = Debug|Any CPU
		Release|Any CPU = Release|Any CPU
	EndGlobalSection
	GlobalSection(ProjectConfigurationPlatforms) = postSolution
		{0A2B4EF0-F884-4F16-AA66-2E82F8BB7F3D}.Debug|Any CPU.ActiveCfg = Debug|Any CPU
		{0A2B4EF0-F884-4F16-AA66-2E82F8BB7F3D}.Debug|Any CPU.Build.0 = Debug|Any CPU
		{0A2B4EF0-F884-4F16-AA66-2E82F8BB7F3D}.Release|Any CPU.ActiveCfg = Release|Any CPU
		{0A2B4EF0-F884-4F16-AA66-2E82F8BB7F3D}.Release|Any CPU.Build.0 = Release|Any CPU
	EndGlobalSection
	GlobalSection(SolutionProperties) = preSolution
		HideSolutionNode = FALSE
	EndGlobalSection
	GlobalSection(ExtensibilityGlobals) = postSolution
		SolutionGuid = {C096962A-E4C0-4F10-94D3-08EDFFE04C2F}
	EndGlobalSection
EndGlobal
