
Microsoft Visual Studio Solution File, Format Version 12.00
# Visual Studio Version 16
VisualStudioVersion = 16.0.31624.102
MinimumVisualStudioVersion = 10.0.40219.1
Project("{FAE04EC0-301F-11D3-BF4B-00C04F79EFBC}") = "Doubling", "Doubling\Doubling.csproj", "{42955CEA-8AB6-48AC-88A4-7AC863C36651}"
EndProject
Global
	GlobalSection(SolutionConfigurationPlatforms) = preSolution
		Debug|Any CPU = Debug|Any CPU
		Release|Any CPU = Release|Any CPU
	EndGlobalSection
	GlobalSection(ProjectConfigurationPlatforms) = postSolution
		{42955CEA-8AB6-48AC-88A4-7AC863C36651}.Debug|Any CPU.ActiveCfg = Debug|Any CPU
		{42955CEA-8AB6-48AC-88A4-7AC863C36651}.Debug|Any CPU.Build.0 = Debug|Any CPU
		{42955CEA-8AB6-48AC-88A4-7AC863C36651}.Release|Any CPU.ActiveCfg = Release|Any CPU
		{42955CEA-8AB6-48AC-88A4-7AC863C36651}.Release|Any CPU.Build.0 = Release|Any CPU
	EndGlobalSection
	GlobalSection(SolutionProperties) = preSolution
		HideSolutionNode = FALSE
	EndGlobalSection
	GlobalSection(ExtensibilityGlobals) = postSolution
		SolutionGuid = {15FBD129-5894-47DA-8E49-E3E0C19AD3C1}
	EndGlobalSection
EndGlobal
